
Microsoft Visual Studio Solution File, Format Version 12.00
# Visual Studio Version 16
VisualStudioVersion = 16.0.28803.916
MinimumVisualStudioVersion = 10.0.40219.1
Project("{FAE04EC0-301F-11D3-BF4B-00C04F79EFBC}") = "PrjJokenpo", "PrjJokenpo\PrjJokenpo.csproj", "{2FD269FF-8E8C-46BC-8BF0-81223F7FB10C}"
EndProject
Global
	GlobalSection(SolutionConfigurationPlatforms) = preSolution
		Debug|Any CPU = Debug|Any CPU
		Release|Any CPU = Release|Any CPU
	EndGlobalSection
	GlobalSection(ProjectConfigurationPlatforms) = postSolution
		{2FD269FF-8E8C-46BC-8BF0-81223F7FB10C}.Debug|Any CPU.ActiveCfg = Debug|Any CPU
		{2FD269FF-8E8C-46BC-8BF0-81223F7FB10C}.Debug|Any CPU.Build.0 = Debug|Any CPU
		{2FD269FF-8E8C-46BC-8BF0-81223F7FB10C}.Release|Any CPU.ActiveCfg = Release|Any CPU
		{2FD269FF-8E8C-46BC-8BF0-81223F7FB10C}.Release|Any CPU.Build.0 = Release|Any CPU
	EndGlobalSection
	GlobalSection(SolutionProperties) = preSolution
		HideSolutionNode = FALSE
	EndGlobalSection
	GlobalSection(ExtensibilityGlobals) = postSolution
		SolutionGuid = {FDE2CFB7-BB3D-430B-B979-71F4F074A915}
	EndGlobalSection
EndGlobal
