
Microsoft Visual Studio Solution File, Format Version 12.00
# Visual Studio Version 16
VisualStudioVersion = 16.0.28803.916
MinimumVisualStudioVersion = 10.0.40219.1
Project("{FAE04EC0-301F-11D3-BF4B-00C04F79EFBC}") = "PrjAnosFuturo", "PrjAnosFuturo\PrjAnosFuturo.csproj", "{C108EB79-B294-4147-8C08-E373A56BFA86}"
EndProject
Global
	GlobalSection(SolutionConfigurationPlatforms) = preSolution
		Debug|Any CPU = Debug|Any CPU
		Release|Any CPU = Release|Any CPU
	EndGlobalSection
	GlobalSection(ProjectConfigurationPlatforms) = postSolution
		{C108EB79-B294-4147-8C08-E373A56BFA86}.Debug|Any CPU.ActiveCfg = Debug|Any CPU
		{C108EB79-B294-4147-8C08-E373A56BFA86}.Debug|Any CPU.Build.0 = Debug|Any CPU
		{C108EB79-B294-4147-8C08-E373A56BFA86}.Release|Any CPU.ActiveCfg = Release|Any CPU
		{C108EB79-B294-4147-8C08-E373A56BFA86}.Release|Any CPU.Build.0 = Release|Any CPU
	EndGlobalSection
	GlobalSection(SolutionProperties) = preSolution
		HideSolutionNode = FALSE
	EndGlobalSection
	GlobalSection(ExtensibilityGlobals) = postSolution
		SolutionGuid = {8F0EBE94-6F29-469F-B13E-30FE22CD253A}
	EndGlobalSection
EndGlobal
